// !$*UTF8*$!
{
	archiveVersion = 1;
	classes = {
	};
	objectVersion = 77;
	objects = {

/* Begin PBXBuildFile section */
		02AC3A382E3AA1AFDC44B240 /* default-pac.js in Resources */ = {isa = PBXBuildFile; fileRef = D246BD95570BE4A660B1F7CB /* default-pac.js */; };
		02CE12A9F1BEF1B4BE10A5EE /* Subscription.swift in Sources */ = {isa = PBXBuildFile; fileRef = B4D157FA459C9710E99B30BC /* Subscription.swift */; };
		03F61322ACCE6F6F9B20C7FC /* AppDelegate.swift in Sources */ = {isa = PBXBuildFile; fileRef = 1F3370DB11A3BC7650B681A8 /* AppDelegate.swift */; };
		0BBC98764203CE0CF7724A64 /* ShadowsocksApp.swift in Sources */ = {isa = PBXBuildFile; fileRef = AB88BE9EB6C9826A12476B9B /* ShadowsocksApp.swift */; };
		120D54B6CC955BD3F13E1001 /* ServerListView.swift in Sources */ = {isa = PBXBuildFile; fileRef = 058D72C1B77FA0B593AD9CB4 /* ServerListView.swift */; };
		14F3DF232B24090C40A35D92 /* ShadowsocksUITests.swift in Sources */ = {isa = PBXBuildFile; fileRef = 1C75288762E32A360903BDAA /* ShadowsocksUITests.swift */; };
		21C62B1A3F0C7610CD55D239 /* SslocalConfig.swift in Sources */ = {isa = PBXBuildFile; fileRef = B6814C8128FDBEBF810ED381 /* SslocalConfig.swift */; };
		29B3C17388659A01070D21B9 /* ServerStore.swift in Sources */ = {isa = PBXBuildFile; fileRef = DF005E762407FAFB1EEF5FF4 /* ServerStore.swift */; };
		2C5A40FF2D0AE838C171406A /* SslocalBridge.swift in Sources */ = {isa = PBXBuildFile; fileRef = 88E1B51942E782EE07044D90 /* SslocalBridge.swift */; };
		3128C7601AC0C8074982C05A /* CryptoAccelerator.swift in Sources */ = {isa = PBXBuildFile; fileRef = 6F070E37F4DAB052BEB17E6E /* CryptoAccelerator.swift */; };
		37CF3EEA76765336B22443C2 /* PasteboardParser.swift in Sources */ = {isa = PBXBuildFile; fileRef = 34D82F18E893B7859F6D16DF /* PasteboardParser.swift */; };
		38326264751DF4C11AB0BB42 /* SettingsView.swift in Sources */ = {isa = PBXBuildFile; fileRef = F6BA3511F1DBD083D6A7D8A8 /* SettingsView.swift */; };
		43FCB283362C5A21770F91D0 /* SubscriptionParserTests.swift in Sources */ = {isa = PBXBuildFile; fileRef = 64431E1E9F72BDA123D48D57 /* SubscriptionParserTests.swift */; };
		4F75EBE57BCB949A4301F80C /* SubscriptionView.swift in Sources */ = {isa = PBXBuildFile; fileRef = 43F1C82D74F33ACC920C9A01 /* SubscriptionView.swift */; };
		644C0B59F11A4681B3CBFFBF /* SubscriptionService.swift in Sources */ = {isa = PBXBuildFile; fileRef = AE35C41300A97ECC5AAAEA1F /* SubscriptionService.swift */; };
		77A1C4C599718C28CAEF12E2 /* SubscriptionUpdateService.swift in Sources */ = {isa = PBXBuildFile; fileRef = 961B9C51427001D5217E6244 /* SubscriptionUpdateService.swift */; };
		80385FA5B938F80CE940FE44 /* ServerDetailView.swift in Sources */ = {isa = PBXBuildFile; fileRef = E7CEC912F6FC87C9A80740AA /* ServerDetailView.swift */; };
		8EF4D87FF7E52C9F13ABA2F1 /* StatusBarView.swift in Sources */ = {isa = PBXBuildFile; fileRef = 8270731214F931B02FD77790 /* StatusBarView.swift */; };
		9674C164235CB2D2041D00F2 /* Assets.xcassets in Resources */ = {isa = PBXBuildFile; fileRef = 50C130AE580CA336E017C75C /* Assets.xcassets */; };
		975CFD4176E20F34A82F69A6 /* SystemProxyService.swift in Sources */ = {isa = PBXBuildFile; fileRef = C6A9D59FA311A0E33EB4591A /* SystemProxyService.swift */; };
		A5A5EB98CFAF47F6CCAC4391 /* NetworkService.swift in Sources */ = {isa = PBXBuildFile; fileRef = 8DA60BC2473996ED34781384 /* NetworkService.swift */; };
		AA42FB223D23279B4002A80B /* KeychainHelperTests.swift in Sources */ = {isa = PBXBuildFile; fileRef = 5B978FDE2536D24BD1A8A416 /* KeychainHelperTests.swift */; };
		ACA654664587756D9A36E753 /* KeychainHelper.swift in Sources */ = {isa = PBXBuildFile; fileRef = 48D33EF171FA41E9AF6B6BE0 /* KeychainHelper.swift */; };
		B3F5617048138B1B963653D5 /* Server.swift in Sources */ = {isa = PBXBuildFile; fileRef = 783760A89A7A816B4520CEB6 /* Server.swift */; };
		BC86225E0F22A17B9DDDA6AC /* ProxyService.swift in Sources */ = {isa = PBXBuildFile; fileRef = F99EC3F1372CC21BD71B8D90 /* ProxyService.swift */; };
		CBF6560EF8D00433B6BD9D5D /* ServerStoreTests.swift in Sources */ = {isa = PBXBuildFile; fileRef = AB9C1FC59AC31746C9F1D9A7 /* ServerStoreTests.swift */; };
		DB07331F395473070900A55C /* SystemProxyTests.swift in Sources */ = {isa = PBXBuildFile; fileRef = 36FBCBA331F3CC0A3F4AF739 /* SystemProxyTests.swift */; };
		E59C30BDF3687F41BE338758 /* SslocalConfigTests.swift in Sources */ = {isa = PBXBuildFile; fileRef = C379CB519EAD7A4EBC901F49 /* SslocalConfigTests.swift */; };
/* End PBXBuildFile section */

/* Begin PBXContainerItemProxy section */
		147CBCD33C45886935F3B571 /* PBXContainerItemProxy */ = {
			isa = PBXContainerItemProxy;
			containerPortal = 99E99235297ACA0E02F1CE14 /* Project object */;
			proxyType = 1;
			remoteGlobalIDString = 2614F8D8A3725A273CEB6774;
			remoteInfo = Shadowsocks;
		};
		6DC5B3664F21F471A2E19F8E /* PBXContainerItemProxy */ = {
			isa = PBXContainerItemProxy;
			containerPortal = 99E99235297ACA0E02F1CE14 /* Project object */;
			proxyType = 1;
			remoteGlobalIDString = 2614F8D8A3725A273CEB6774;
			remoteInfo = Shadowsocks;
		};
/* End PBXContainerItemProxy section */

/* Begin PBXFileReference section */
		058D72C1B77FA0B593AD9CB4 /* ServerListView.swift */ = {isa = PBXFileReference; lastKnownFileType = sourcecode.swift; path = ServerListView.swift; sourceTree = "<group>"; };
		1C75288762E32A360903BDAA /* ShadowsocksUITests.swift */ = {isa = PBXFileReference; lastKnownFileType = sourcecode.swift; path = ShadowsocksUITests.swift; sourceTree = "<group>"; };
		1F3370DB11A3BC7650B681A8 /* AppDelegate.swift */ = {isa = PBXFileReference; lastKnownFileType = sourcecode.swift; path = AppDelegate.swift; sourceTree = "<group>"; };
		34D82F18E893B7859F6D16DF /* PasteboardParser.swift */ = {isa = PBXFileReference; lastKnownFileType = sourcecode.swift; path = PasteboardParser.swift; sourceTree = "<group>"; };
		36FBCBA331F3CC0A3F4AF739 /* SystemProxyTests.swift */ = {isa = PBXFileReference; lastKnownFileType = sourcecode.swift; path = SystemProxyTests.swift; sourceTree = "<group>"; };
		43F1C82D74F33ACC920C9A01 /* SubscriptionView.swift */ = {isa = PBXFileReference; lastKnownFileType = sourcecode.swift; path = SubscriptionView.swift; sourceTree = "<group>"; };
		48D33EF171FA41E9AF6B6BE0 /* KeychainHelper.swift */ = {isa = PBXFileReference; lastKnownFileType = sourcecode.swift; path = KeychainHelper.swift; sourceTree = "<group>"; };
		50C130AE580CA336E017C75C /* Assets.xcassets */ = {isa = PBXFileReference; lastKnownFileType = folder.assetcatalog; path = Assets.xcassets; sourceTree = "<group>"; };
		5B978FDE2536D24BD1A8A416 /* KeychainHelperTests.swift */ = {isa = PBXFileReference; lastKnownFileType = sourcecode.swift; path = KeychainHelperTests.swift; sourceTree = "<group>"; };
		6065109DAD492C8CA618EA26 /* ShadowsocksTests.xctest */ = {isa = PBXFileReference; explicitFileType = wrapper.cfbundle; includeInIndex = 0; path = ShadowsocksTests.xctest; sourceTree = BUILT_PRODUCTS_DIR; };
		64431E1E9F72BDA123D48D57 /* SubscriptionParserTests.swift */ = {isa = PBXFileReference; lastKnownFileType = sourcecode.swift; path = SubscriptionParserTests.swift; sourceTree = "<group>"; };
		6F070E37F4DAB052BEB17E6E /* CryptoAccelerator.swift */ = {isa = PBXFileReference; lastKnownFileType = sourcecode.swift; path = CryptoAccelerator.swift; sourceTree = "<group>"; };
		736804A9A434A8F058059207 /* ShadowsocksUITests.xctest */ = {isa = PBXFileReference; explicitFileType = wrapper.cfbundle; includeInIndex = 0; path = ShadowsocksUITests.xctest; sourceTree = BUILT_PRODUCTS_DIR; };
		783760A89A7A816B4520CEB6 /* Server.swift */ = {isa = PBXFileReference; lastKnownFileType = sourcecode.swift; path = Server.swift; sourceTree = "<group>"; };
		8270731214F931B02FD77790 /* StatusBarView.swift */ = {isa = PBXFileReference; lastKnownFileType = sourcecode.swift; path = StatusBarView.swift; sourceTree = "<group>"; };
		88E1B51942E782EE07044D90 /* SslocalBridge.swift */ = {isa = PBXFileReference; lastKnownFileType = sourcecode.swift; path = SslocalBridge.swift; sourceTree = "<group>"; };
		8DA60BC2473996ED34781384 /* NetworkService.swift */ = {isa = PBXFileReference; lastKnownFileType = sourcecode.swift; path = NetworkService.swift; sourceTree = "<group>"; };
		961B9C51427001D5217E6244 /* SubscriptionUpdateService.swift */ = {isa = PBXFileReference; lastKnownFileType = sourcecode.swift; path = SubscriptionUpdateService.swift; sourceTree = "<group>"; };
		A9B67CD4BC98182E148E6595 /* Shadowsocks.app */ = {isa = PBXFileReference; explicitFileType = wrapper.application; includeInIndex = 0; path = Shadowsocks.app; sourceTree = BUILT_PRODUCTS_DIR; };
		AB88BE9EB6C9826A12476B9B /* ShadowsocksApp.swift */ = {isa = PBXFileReference; lastKnownFileType = sourcecode.swift; path = ShadowsocksApp.swift; sourceTree = "<group>"; };
		AB9C1FC59AC31746C9F1D9A7 /* ServerStoreTests.swift */ = {isa = PBXFileReference; lastKnownFileType = sourcecode.swift; path = ServerStoreTests.swift; sourceTree = "<group>"; };
		AE35C41300A97ECC5AAAEA1F /* SubscriptionService.swift */ = {isa = PBXFileReference; lastKnownFileType = sourcecode.swift; path = SubscriptionService.swift; sourceTree = "<group>"; };
		B4D157FA459C9710E99B30BC /* Subscription.swift */ = {isa = PBXFileReference; lastKnownFileType = sourcecode.swift; path = Subscription.swift; sourceTree = "<group>"; };
		B6814C8128FDBEBF810ED381 /* SslocalConfig.swift */ = {isa = PBXFileReference; lastKnownFileType = sourcecode.swift; path = SslocalConfig.swift; sourceTree = "<group>"; };
		C379CB519EAD7A4EBC901F49 /* SslocalConfigTests.swift */ = {isa = PBXFileReference; lastKnownFileType = sourcecode.swift; path = SslocalConfigTests.swift; sourceTree = "<group>"; };
		C6A9D59FA311A0E33EB4591A /* SystemProxyService.swift */ = {isa = PBXFileReference; lastKnownFileType = sourcecode.swift; path = SystemProxyService.swift; sourceTree = "<group>"; };
		D246BD95570BE4A660B1F7CB /* default-pac.js */ = {isa = PBXFileReference; lastKnownFileType = sourcecode.javascript; path = "default-pac.js"; sourceTree = "<group>"; };
		DF005E762407FAFB1EEF5FF4 /* ServerStore.swift */ = {isa = PBXFileReference; lastKnownFileType = sourcecode.swift; path = ServerStore.swift; sourceTree = "<group>"; };
		E7CEC912F6FC87C9A80740AA /* ServerDetailView.swift */ = {isa = PBXFileReference; lastKnownFileType = sourcecode.swift; path = ServerDetailView.swift; sourceTree = "<group>"; };
		F6BA3511F1DBD083D6A7D8A8 /* SettingsView.swift */ = {isa = PBXFileReference; lastKnownFileType = sourcecode.swift; path = SettingsView.swift; sourceTree = "<group>"; };
		F99EC3F1372CC21BD71B8D90 /* ProxyService.swift */ = {isa = PBXFileReference; lastKnownFileType = sourcecode.swift; path = ProxyService.swift; sourceTree = "<group>"; };
/* End PBXFileReference section */

/* Begin PBXGroup section */
		2504732C9768E58F0E631AE7 /* Views */ = {
			isa = PBXGroup;
			children = (
				E7CEC912F6FC87C9A80740AA /* ServerDetailView.swift */,
				058D72C1B77FA0B593AD9CB4 /* ServerListView.swift */,
				F6BA3511F1DBD083D6A7D8A8 /* SettingsView.swift */,
				8270731214F931B02FD77790 /* StatusBarView.swift */,
				43F1C82D74F33ACC920C9A01 /* SubscriptionView.swift */,
			);
			path = Views;
			sourceTree = "<group>";
		};
		30AA831F95E6861DE72BC388 /* Products */ = {
			isa = PBXGroup;
			children = (
				A9B67CD4BC98182E148E6595 /* Shadowsocks.app */,
				6065109DAD492C8CA618EA26 /* ShadowsocksTests.xctest */,
				736804A9A434A8F058059207 /* ShadowsocksUITests.xctest */,
			);
			name = Products;
			sourceTree = "<group>";
		};
		45A6DC7197DA67FF556FF27B /* Resources */ = {
			isa = PBXGroup;
			children = (
				50C130AE580CA336E017C75C /* Assets.xcassets */,
				D246BD95570BE4A660B1F7CB /* default-pac.js */,
			);
			path = Resources;
			sourceTree = "<group>";
		};
		532F741AFF2D94ED76419A3B /* Bridges */ = {
			isa = PBXGroup;
			children = (
				88E1B51942E782EE07044D90 /* SslocalBridge.swift */,
				B6814C8128FDBEBF810ED381 /* SslocalConfig.swift */,
			);
			path = Bridges;
			sourceTree = "<group>";
		};
		61E821176914EE68FA2CF9BE /* Services */ = {
			isa = PBXGroup;
			children = (
				8DA60BC2473996ED34781384 /* NetworkService.swift */,
				F99EC3F1372CC21BD71B8D90 /* ProxyService.swift */,
				AE35C41300A97ECC5AAAEA1F /* SubscriptionService.swift */,
				961B9C51427001D5217E6244 /* SubscriptionUpdateService.swift */,
				C6A9D59FA311A0E33EB4591A /* SystemProxyService.swift */,
			);
			path = Services;
			sourceTree = "<group>";
		};
		81CF413D44D462FC1E79E05C /* App */ = {
			isa = PBXGroup;
			children = (
				1F3370DB11A3BC7650B681A8 /* AppDelegate.swift */,
				AB88BE9EB6C9826A12476B9B /* ShadowsocksApp.swift */,
			);
			path = App;
			sourceTree = "<group>";
		};
		83B16260BF5C9E1E24D4691E /* Utils */ = {
			isa = PBXGroup;
			children = (
				6F070E37F4DAB052BEB17E6E /* CryptoAccelerator.swift */,
				48D33EF171FA41E9AF6B6BE0 /* KeychainHelper.swift */,
				34D82F18E893B7859F6D16DF /* PasteboardParser.swift */,
			);
			path = Utils;
			sourceTree = "<group>";
		};
		A4C11AD7474B976291C523C0 /* Models */ = {
			isa = PBXGroup;
			children = (
				783760A89A7A816B4520CEB6 /* Server.swift */,
				DF005E762407FAFB1EEF5FF4 /* ServerStore.swift */,
				B4D157FA459C9710E99B30BC /* Subscription.swift */,
			);
			path = Models;
			sourceTree = "<group>";
		};
		B5C976A41F2C5EDD532D0891 /* ShadowsocksUITests */ = {
			isa = PBXGroup;
			children = (
				1C75288762E32A360903BDAA /* ShadowsocksUITests.swift */,
			);
			name = ShadowsocksUITests;
			path = Tests/ShadowsocksUITests;
			sourceTree = "<group>";
		};
		C35388C41C333AD697CF3552 = {
			isa = PBXGroup;
			children = (
				81CF413D44D462FC1E79E05C /* App */,
				532F741AFF2D94ED76419A3B /* Bridges */,
				A4C11AD7474B976291C523C0 /* Models */,
				45A6DC7197DA67FF556FF27B /* Resources */,
				61E821176914EE68FA2CF9BE /* Services */,
				C5547B06FF573B1D92136D82 /* ShadowsocksTests */,
				B5C976A41F2C5EDD532D0891 /* ShadowsocksUITests */,
				83B16260BF5C9E1E24D4691E /* Utils */,
				2504732C9768E58F0E631AE7 /* Views */,
				30AA831F95E6861DE72BC388 /* Products */,
			);
			sourceTree = "<group>";
		};
		C5547B06FF573B1D92136D82 /* ShadowsocksTests */ = {
			isa = PBXGroup;
			children = (
				5B978FDE2536D24BD1A8A416 /* KeychainHelperTests.swift */,
				AB9C1FC59AC31746C9F1D9A7 /* ServerStoreTests.swift */,
				C379CB519EAD7A4EBC901F49 /* SslocalConfigTests.swift */,
				64431E1E9F72BDA123D48D57 /* SubscriptionParserTests.swift */,
				36FBCBA331F3CC0A3F4AF739 /* SystemProxyTests.swift */,
			);
			name = ShadowsocksTests;
			path = Tests/ShadowsocksTests;
			sourceTree = "<group>";
		};
/* End PBXGroup section */

/* Begin PBXNativeTarget section */
		2614F8D8A3725A273CEB6774 /* Shadowsocks */ = {
			isa = PBXNativeTarget;
			buildConfigurationList = 29F3A0FB6CAE39A66002B735 /* Build configuration list for PBXNativeTarget "Shadowsocks" */;
			buildPhases = (
				02187C9DC53EB6D1311774CF /* Sources */,
				DDBCACFEAAB641B40B2190D4 /* Resources */,
			);
			buildRules = (
			);
			dependencies = (
			);
			name = Shadowsocks;
			packageProductDependencies = (
			);
			productName = Shadowsocks;
			productReference = A9B67CD4BC98182E148E6595 /* Shadowsocks.app */;
			productType = "com.apple.product-type.application";
		};
		62643C71985BC86863FF0F43 /* ShadowsocksTests */ = {
			isa = PBXNativeTarget;
			buildConfigurationList = BBAB65003AF9AF011EF16513 /* Build configuration list for PBXNativeTarget "ShadowsocksTests" */;
			buildPhases = (
				04794A3D26AA2E3372D60447 /* Sources */,
			);
			buildRules = (
			);
			dependencies = (
				3294DFCB6FB6B4BFFBEB5ABB /* PBXTargetDependency */,
			);
			name = ShadowsocksTests;
			packageProductDependencies = (
			);
			productName = ShadowsocksTests;
			productReference = 6065109DAD492C8CA618EA26 /* ShadowsocksTests.xctest */;
			productType = "com.apple.product-type.bundle.unit-test";
		};
		8013CF4F725B0A62CA8220F8 /* ShadowsocksUITests */ = {
			isa = PBXNativeTarget;
			buildConfigurationList = 3F69EE6615E951E78DAB0EDE /* Build configuration list for PBXNativeTarget "ShadowsocksUITests" */;
			buildPhases = (
				2517C7F33909C5A1F3F49CFF /* Sources */,
			);
			buildRules = (
			);
			dependencies = (
				4CC3EF5637A05702FDBE47B2 /* PBXTargetDependency */,
			);
			name = ShadowsocksUITests;
			packageProductDependencies = (
			);
			productName = ShadowsocksUITests;
			productReference = 736804A9A434A8F058059207 /* ShadowsocksUITests.xctest */;
			productType = "com.apple.product-type.bundle.ui-testing";
		};
/* End PBXNativeTarget section */

/* Begin PBXProject section */
		99E99235297ACA0E02F1CE14 /* Project object */ = {
			isa = PBXProject;
			attributes = {
				BuildIndependentTargetsInParallel = YES;
				LastUpgradeCheck = 1430;
				TargetAttributes = {
					8013CF4F725B0A62CA8220F8 = {
						TestTargetID = 2614F8D8A3725A273CEB6774;
					};
				};
			};
			buildConfigurationList = 9DEA8D6AAF46325E72A9318F /* Build configuration list for PBXProject "Shadowsocks" */;
			developmentRegion = en;
			hasScannedForEncodings = 0;
			knownRegions = (
				Base,
				en,
			);
			mainGroup = C35388C41C333AD697CF3552;
			minimizedProjectReferenceProxies = 1;
			preferredProjectObjectVersion = 77;
			productRefGroup = 30AA831F95E6861DE72BC388 /* Products */;
			projectDirPath = "";
			projectRoot = "";
			targets = (
				2614F8D8A3725A273CEB6774 /* Shadowsocks */,
				62643C71985BC86863FF0F43 /* ShadowsocksTests */,
				8013CF4F725B0A62CA8220F8 /* ShadowsocksUITests */,
			);
		};
/* End PBXProject section */

/* Begin PBXResourcesBuildPhase section */
		DDBCACFEAAB641B40B2190D4 /* Resources */ = {
			isa = PBXResourcesBuildPhase;
			buildActionMask = 2147483647;
			files = (
				9674C164235CB2D2041D00F2 /* Assets.xcassets in Resources */,
				02AC3A382E3AA1AFDC44B240 /* default-pac.js in Resources */,
			);
			runOnlyForDeploymentPostprocessing = 0;
		};
/* End PBXResourcesBuildPhase section */

/* Begin PBXSourcesBuildPhase section */
		02187C9DC53EB6D1311774CF /* Sources */ = {
			isa = PBXSourcesBuildPhase;
			buildActionMask = 2147483647;
			files = (
				03F61322ACCE6F6F9B20C7FC /* AppDelegate.swift in Sources */,
				3128C7601AC0C8074982C05A /* CryptoAccelerator.swift in Sources */,
				ACA654664587756D9A36E753 /* KeychainHelper.swift in Sources */,
				A5A5EB98CFAF47F6CCAC4391 /* NetworkService.swift in Sources */,
				37CF3EEA76765336B22443C2 /* PasteboardParser.swift in Sources */,
				BC86225E0F22A17B9DDDA6AC /* ProxyService.swift in Sources */,
				B3F5617048138B1B963653D5 /* Server.swift in Sources */,
				80385FA5B938F80CE940FE44 /* ServerDetailView.swift in Sources */,
				120D54B6CC955BD3F13E1001 /* ServerListView.swift in Sources */,
				29B3C17388659A01070D21B9 /* ServerStore.swift in Sources */,
				38326264751DF4C11AB0BB42 /* SettingsView.swift in Sources */,
				0BBC98764203CE0CF7724A64 /* ShadowsocksApp.swift in Sources */,
				2C5A40FF2D0AE838C171406A /* SslocalBridge.swift in Sources */,
				21C62B1A3F0C7610CD55D239 /* SslocalConfig.swift in Sources */,
				8EF4D87FF7E52C9F13ABA2F1 /* StatusBarView.swift in Sources */,
				02CE12A9F1BEF1B4BE10A5EE /* Subscription.swift in Sources */,
				644C0B59F11A4681B3CBFFBF /* SubscriptionService.swift in Sources */,
				77A1C4C599718C28CAEF12E2 /* SubscriptionUpdateService.swift in Sources */,
				4F75EBE57BCB949A4301F80C /* SubscriptionView.swift in Sources */,
				975CFD4176E20F34A82F69A6 /* SystemProxyService.swift in Sources */,
			);
			runOnlyForDeploymentPostprocessing = 0;
		};
		04794A3D26AA2E3372D60447 /* Sources */ = {
			isa = PBXSourcesBuildPhase;
			buildActionMask = 2147483647;
			files = (
				AA42FB223D23279B4002A80B /* KeychainHelperTests.swift in Sources */,
				CBF6560EF8D00433B6BD9D5D /* ServerStoreTests.swift in Sources */,
				E59C30BDF3687F41BE338758 /* SslocalConfigTests.swift in Sources */,
				43FCB283362C5A21770F91D0 /* SubscriptionParserTests.swift in Sources */,
				DB07331F395473070900A55C /* SystemProxyTests.swift in Sources */,
			);
			runOnlyForDeploymentPostprocessing = 0;
		};
		2517C7F33909C5A1F3F49CFF /* Sources */ = {
			isa = PBXSourcesBuildPhase;
			buildActionMask = 2147483647;
			files = (
				14F3DF232B24090C40A35D92 /* ShadowsocksUITests.swift in Sources */,
			);
			runOnlyForDeploymentPostprocessing = 0;
		};
/* End PBXSourcesBuildPhase section */

/* Begin PBXTargetDependency section */
		3294DFCB6FB6B4BFFBEB5ABB /* PBXTargetDependency */ = {
			isa = PBXTargetDependency;
			target = 2614F8D8A3725A273CEB6774 /* Shadowsocks */;
			targetProxy = 6DC5B3664F21F471A2E19F8E /* PBXContainerItemProxy */;
		};
		4CC3EF5637A05702FDBE47B2 /* PBXTargetDependency */ = {
			isa = PBXTargetDependency;
			target = 2614F8D8A3725A273CEB6774 /* Shadowsocks */;
			targetProxy = 147CBCD33C45886935F3B571 /* PBXContainerItemProxy */;
		};
/* End PBXTargetDependency section */

/* Begin XCBuildConfiguration section */
		01714E38A1166CE589A0BEE6 /* Release */ = {
			isa = XCBuildConfiguration;
			buildSettings = {
				BUNDLE_LOADER = "$(TEST_HOST)";
				COMBINE_HIDPI_IMAGES = YES;
				LD_RUNPATH_SEARCH_PATHS = (
					"$(inherited)",
					"@executable_path/Frameworks",
					"@loader_path/Frameworks",
				);
				PRODUCT_BUNDLE_IDENTIFIER = com.shadowsocks.macos.uitests;
				SDKROOT = macosx;
				TEST_TARGET_NAME = Shadowsocks;
			};
			name = Release;
		};
		0BFF918FBD9894BFD8142676 /* Debug */ = {
			isa = XCBuildConfiguration;
			buildSettings = {
				ALWAYS_SEARCH_USER_PATHS = NO;
				ARCHS = (
					arm64,
					x86_64,
				);
				CLANG_ANALYZER_NONNULL = YES;
				CLANG_ANALYZER_NUMBER_OBJECT_CONVERSION = YES_AGGRESSIVE;
				CLANG_CXX_LANGUAGE_STANDARD = "gnu++14";
				CLANG_CXX_LIBRARY = "libc++";
				CLANG_ENABLE_MODULES = YES;
				CLANG_ENABLE_OBJC_ARC = YES;
				CLANG_ENABLE_OBJC_WEAK = YES;
				CLANG_WARN_BLOCK_CAPTURE_AUTORELEASING = YES;
				CLANG_WARN_BOOL_CONVERSION = YES;
				CLANG_WARN_COMMA = YES;
				CLANG_WARN_CONSTANT_CONVERSION = YES;
				CLANG_WARN_DEPRECATED_OBJC_IMPLEMENTATIONS = YES;
				CLANG_WARN_DIRECT_OBJC_ISA_USAGE = YES_ERROR;
				CLANG_WARN_DOCUMENTATION_COMMENTS = YES;
				CLANG_WARN_EMPTY_BODY = YES;
				CLANG_WARN_ENUM_CONVERSION = YES;
				CLANG_WARN_INFINITE_RECURSION = YES;
				CLANG_WARN_INT_CONVERSION = YES;
				CLANG_WARN_NON_LITERAL_NULL_CONVERSION = YES;
				CLANG_WARN_OBJC_IMPLICIT_RETAIN_SELF = YES;
				CLANG_WARN_OBJC_LITERAL_CONVERSION = YES;
				CLANG_WARN_OBJC_ROOT_CLASS = YES_ERROR;
				CLANG_WARN_QUOTED_INCLUDE_IN_FRAMEWORK_HEADER = YES;
				CLANG_WARN_RANGE_LOOP_ANALYSIS = YES;
				CLANG_WARN_STRICT_PROTOTYPES = YES;
				CLANG_WARN_SUSPICIOUS_MOVE = YES;
				CLANG_WARN_UNGUARDED_AVAILABILITY = YES_AGGRESSIVE;
				CLANG_WARN_UNREACHABLE_CODE = YES;
				CLANG_WARN__DUPLICATE_METHOD_MATCH = YES;
				COPY_PHASE_STRIP = NO;
				DEBUG_INFORMATION_FORMAT = dwarf;
				ENABLE_STRICT_OBJC_MSGSEND = YES;
				ENABLE_TESTABILITY = YES;
				GCC_C_LANGUAGE_STANDARD = gnu11;
				GCC_DYNAMIC_NO_PIC = NO;
				GCC_NO_COMMON_BLOCKS = YES;
				GCC_OPTIMIZATION_LEVEL = 0;
				GCC_PREPROCESSOR_DEFINITIONS = (
					"$(inherited)",
					"DEBUG=1",
				);
				GCC_WARN_64_TO_32_BIT_CONVERSION = YES;
				GCC_WARN_ABOUT_RETURN_TYPE = YES_ERROR;
				GCC_WARN_UNDECLARED_SELECTOR = YES;
				GCC_WARN_UNINITIALIZED_AUTOS = YES_AGGRESSIVE;
				GCC_WARN_UNUSED_FUNCTION = YES;
				GCC_WARN_UNUSED_VARIABLE = YES;
				INFOPLIST_FILE = Resources/Info.plist;
				MACOSX_DEPLOYMENT_TARGET = 13.0;
				MTL_ENABLE_DEBUG_INFO = INCLUDE_SOURCE;
				MTL_FAST_MATH = YES;
				ONLY_ACTIVE_ARCH = YES;
				PRODUCT_NAME = "$(TARGET_NAME)";
				SDKROOT = macosx;
				SWIFT_ACTIVE_COMPILATION_CONDITIONS = DEBUG;
				SWIFT_OPTIMIZATION_LEVEL = "-Onone";
				SWIFT_VERSION = 5.9;
			};
			name = Debug;
		};
		0F1AAC850099D6BEC6859F65 /* Debug */ = {
			isa = XCBuildConfiguration;
			buildSettings = {
				BUNDLE_LOADER = "$(TEST_HOST)";
				COMBINE_HIDPI_IMAGES = YES;
				LD_RUNPATH_SEARCH_PATHS = (
					"$(inherited)",
					"@executable_path/../Frameworks",
					"@loader_path/../Frameworks",
				);
				PRODUCT_BUNDLE_IDENTIFIER = com.shadowsocks.macos.tests;
				SDKROOT = macosx;
				TEST_HOST = "$(BUILT_PRODUCTS_DIR)/Shadowsocks.app/$(BUNDLE_EXECUTABLE_FOLDER_PATH)/Shadowsocks";
			};
			name = Debug;
		};
		70F12F7D91A99975C75459B5 /* Release */ = {
			isa = XCBuildConfiguration;
			buildSettings = {
				BUNDLE_LOADER = "$(TEST_HOST)";
				COMBINE_HIDPI_IMAGES = YES;
				LD_RUNPATH_SEARCH_PATHS = (
					"$(inherited)",
					"@executable_path/../Frameworks",
					"@loader_path/../Frameworks",
				);
				PRODUCT_BUNDLE_IDENTIFIER = com.shadowsocks.macos.tests;
				SDKROOT = macosx;
				TEST_HOST = "$(BUILT_PRODUCTS_DIR)/Shadowsocks.app/$(BUNDLE_EXECUTABLE_FOLDER_PATH)/Shadowsocks";
			};
			name = Release;
		};
		80AF897FFB09BE8E2C62C864 /* Debug */ = {
			isa = XCBuildConfiguration;
			buildSettings = {
				BUNDLE_LOADER = "$(TEST_HOST)";
				COMBINE_HIDPI_IMAGES = YES;
				LD_RUNPATH_SEARCH_PATHS = (
					"$(inherited)",
					"@executable_path/Frameworks",
					"@loader_path/Frameworks",
				);
				PRODUCT_BUNDLE_IDENTIFIER = com.shadowsocks.macos.uitests;
				SDKROOT = macosx;
				TEST_TARGET_NAME = Shadowsocks;
			};
			name = Debug;
		};
		85FDC1A9DF3BB3C2455B7A5C /* Debug */ = {
			isa = XCBuildConfiguration;
			buildSettings = {
				ASSETCATALOG_COMPILER_APPICON_NAME = AppIcon;
				CODE_SIGN_ENTITLEMENTS = Resources/Shadowsocks.entitlements;
				COMBINE_HIDPI_IMAGES = YES;
				INFOPLIST_FILE = Resources/Info.plist;
				LD_RUNPATH_SEARCH_PATHS = (
					"$(inherited)",
					"@executable_path/../Frameworks",
				);
				PRODUCT_BUNDLE_IDENTIFIER = com.shadowsocks.macos;
				PRODUCT_NAME = Shadowsocks;
				SDKROOT = macosx;
			};
			name = Debug;
		};
		9FD21931F27BE410D2BA1AC9 /* Release */ = {
			isa = XCBuildConfiguration;
			buildSettings = {
				ALWAYS_SEARCH_USER_PATHS = NO;
				ARCHS = (
					arm64,
					x86_64,
				);
				CLANG_ANALYZER_NONNULL = YES;
				CLANG_ANALYZER_NUMBER_OBJECT_CONVERSION = YES_AGGRESSIVE;
				CLANG_CXX_LANGUAGE_STANDARD = "gnu++14";
				CLANG_CXX_LIBRARY = "libc++";
				CLANG_ENABLE_MODULES = YES;
				CLANG_ENABLE_OBJC_ARC = YES;
				CLANG_ENABLE_OBJC_WEAK = YES;
				CLANG_WARN_BLOCK_CAPTURE_AUTORELEASING = YES;
				CLANG_WARN_BOOL_CONVERSION = YES;
				CLANG_WARN_COMMA = YES;
				CLANG_WARN_CONSTANT_CONVERSION = YES;
				CLANG_WARN_DEPRECATED_OBJC_IMPLEMENTATIONS = YES;
				CLANG_WARN_DIRECT_OBJC_ISA_USAGE = YES_ERROR;
				CLANG_WARN_DOCUMENTATION_COMMENTS = YES;
				CLANG_WARN_EMPTY_BODY = YES;
				CLANG_WARN_ENUM_CONVERSION = YES;
				CLANG_WARN_INFINITE_RECURSION = YES;
				CLANG_WARN_INT_CONVERSION = YES;
				CLANG_WARN_NON_LITERAL_NULL_CONVERSION = YES;
				CLANG_WARN_OBJC_IMPLICIT_RETAIN_SELF = YES;
				CLANG_WARN_OBJC_LITERAL_CONVERSION = YES;
				CLANG_WARN_OBJC_ROOT_CLASS = YES_ERROR;
				CLANG_WARN_QUOTED_INCLUDE_IN_FRAMEWORK_HEADER = YES;
				CLANG_WARN_RANGE_LOOP_ANALYSIS = YES;
				CLANG_WARN_STRICT_PROTOTYPES = YES;
				CLANG_WARN_SUSPICIOUS_MOVE = YES;
				CLANG_WARN_UNGUARDED_AVAILABILITY = YES_AGGRESSIVE;
				CLANG_WARN_UNREACHABLE_CODE = YES;
				CLANG_WARN__DUPLICATE_METHOD_MATCH = YES;
				COPY_PHASE_STRIP = NO;
				DEBUG_INFORMATION_FORMAT = "dwarf-with-dsym";
				ENABLE_NS_ASSERTIONS = NO;
				ENABLE_STRICT_OBJC_MSGSEND = YES;
				GCC_C_LANGUAGE_STANDARD = gnu11;
				GCC_NO_COMMON_BLOCKS = YES;
				GCC_WARN_64_TO_32_BIT_CONVERSION = YES;
				GCC_WARN_ABOUT_RETURN_TYPE = YES_ERROR;
				GCC_WARN_UNDECLARED_SELECTOR = YES;
				GCC_WARN_UNINITIALIZED_AUTOS = YES_AGGRESSIVE;
				GCC_WARN_UNUSED_FUNCTION = YES;
				GCC_WARN_UNUSED_VARIABLE = YES;
				INFOPLIST_FILE = Resources/Info.plist;
				MACOSX_DEPLOYMENT_TARGET = 13.0;
				MTL_ENABLE_DEBUG_INFO = NO;
				MTL_FAST_MATH = YES;
				PRODUCT_NAME = "$(TARGET_NAME)";
				SDKROOT = macosx;
				SWIFT_COMPILATION_MODE = wholemodule;
				SWIFT_OPTIMIZATION_LEVEL = "-O";
				SWIFT_VERSION = 5.9;
			};
			name = Release;
		};
		FEF269772AA4974C9F6F78B3 /* Release */ = {
			isa = XCBuildConfiguration;
			buildSettings = {
				ASSETCATALOG_COMPILER_APPICON_NAME = AppIcon;
				CODE_SIGN_ENTITLEMENTS = Resources/Shadowsocks.entitlements;
				COMBINE_HIDPI_IMAGES = YES;
				INFOPLIST_FILE = Resources/Info.plist;
				LD_RUNPATH_SEARCH_PATHS = (
					"$(inherited)",
					"@executable_path/../Frameworks",
				);
				PRODUCT_BUNDLE_IDENTIFIER = com.shadowsocks.macos;
				PRODUCT_NAME = Shadowsocks;
				SDKROOT = macosx;
			};
			name = Release;
		};
/* End XCBuildConfiguration section */

/* Begin XCConfigurationList section */
		29F3A0FB6CAE39A66002B735 /* Build configuration list for PBXNativeTarget "Shadowsocks" */ = {
			isa = XCConfigurationList;
			buildConfigurations = (
				85FDC1A9DF3BB3C2455B7A5C /* Debug */,
				FEF269772AA4974C9F6F78B3 /* Release */,
			);
			defaultConfigurationIsVisible = 0;
			defaultConfigurationName = Debug;
		};
		3F69EE6615E951E78DAB0EDE /* Build configuration list for PBXNativeTarget "ShadowsocksUITests" */ = {
			isa = XCConfigurationList;
			buildConfigurations = (
				80AF897FFB09BE8E2C62C864 /* Debug */,
				01714E38A1166CE589A0BEE6 /* Release */,
			);
			defaultConfigurationIsVisible = 0;
			defaultConfigurationName = Debug;
		};
		9DEA8D6AAF46325E72A9318F /* Build configuration list for PBXProject "Shadowsocks" */ = {
			isa = XCConfigurationList;
			buildConfigurations = (
				0BFF918FBD9894BFD8142676 /* Debug */,
				9FD21931F27BE410D2BA1AC9 /* Release */,
			);
			defaultConfigurationIsVisible = 0;
			defaultConfigurationName = Debug;
		};
		BBAB65003AF9AF011EF16513 /* Build configuration list for PBXNativeTarget "ShadowsocksTests" */ = {
			isa = XCConfigurationList;
			buildConfigurations = (
				0F1AAC850099D6BEC6859F65 /* Debug */,
				70F12F7D91A99975C75459B5 /* Release */,
			);
			defaultConfigurationIsVisible = 0;
			defaultConfigurationName = Debug;
		};
/* End XCConfigurationList section */
	};
	rootObject = 99E99235297ACA0E02F1CE14 /* Project object */;
}
